PODS:
  - AlertTransition (2.0.0)
  - SnapKit (4.0.0)

DEPENDENCIES:
  - AlertTransition (from `.`)
  - SnapKit (~> 4.0.0)

EXTERNAL SOURCES:
  AlertTransition:
    :path: .

SPEC CHECKSUMS:
  AlertTransition: 86849cd1fa4d080b2dde7e0cff24e6e3f41fd5a4
  SnapKit: a42d492c16e80209130a3379f73596c3454b7694

PODFILE CHECKSUM: 11e37085216f73d8848bb442c9135ee93967e645

COCOAPODS: 1.2.1
