// !$*UTF8*$!
{
	archiveVersion = 1;
	classes = {
	};
	objectVersion = 46;
	objects = {

/* Begin PBXBuildFile section */
		575B4C71841D978DE405EAAC /* Pods_AlertTransition.framework in Frameworks */ = {isa = PBXBuildFile; fileRef = 87B043D8E060CF5513EAA5F2 /* Pods_AlertTransition.framework */; };
		790FE7EE1EA60BEB0040D499 /* Main.storyboard in Resources */ = {isa = PBXBuildFile; fileRef = 790FE7ED1EA60BEB0040D499 /* Main.storyboard */; };
		790FE8101EA64AFA0040D499 /* Extensions.swift in Sources */ = {isa = PBXBuildFile; fileRef = 790FE80F1EA64AFA0040D499 /* Extensions.swift */; };
		790FE8121EA72C120040D499 /* DifferentAlertController.swift in Sources */ = {isa = PBXBuildFile; fileRef = 790FE8111EA72C120040D499 /* DifferentAlertController.swift */; };
		790FE8141EA72F9B0040D499 /* SnapKitAlertController.swift in Sources */ = {isa = PBXBuildFile; fileRef = 790FE8131EA72F9B0040D499 /* SnapKitAlertController.swift */; };
		790FE8161EA72FC50040D499 /* StoryboardAlertController.swift in Sources */ = {isa = PBXBuildFile; fileRef = 790FE8151EA72FC50040D499 /* StoryboardAlertController.swift */; };
		793E8A071EA4CFE200BA3325 /* AlertTransition.h in Headers */ = {isa = PBXBuildFile; fileRef = 793E8A051EA4CFE200BA3325 /* AlertTransition.h */; settings = {ATTRIBUTES = (Public, ); }; };
		793E8A141EA4D11200BA3325 /* AppDelegate.swift in Sources */ = {isa = PBXBuildFile; fileRef = 793E8A131EA4D11200BA3325 /* AppDelegate.swift */; };
		793E8A1B1EA4D11200BA3325 /* Assets.xcassets in Resources */ = {isa = PBXBuildFile; fileRef = 793E8A1A1EA4D11200BA3325 /* Assets.xcassets */; };
		793E8A1E1EA4D11200BA3325 /* LaunchScreen.storyboard in Resources */ = {isa = PBXBuildFile; fileRef = 793E8A1C1EA4D11200BA3325 /* LaunchScreen.storyboard */; };
		793E8A231EA4D13500BA3325 /* AlertTransition.framework in Frameworks */ = {isa = PBXBuildFile; fileRef = 793E8A021EA4CFE200BA3325 /* AlertTransition.framework */; };
		793E8A241EA4D13500BA3325 /* AlertTransition.framework in Embed Frameworks */ = {isa = PBXBuildFile; fileRef = 793E8A021EA4CFE200BA3325 /* AlertTransition.framework */; settings = {ATTRIBUTES = (CodeSignOnCopy, RemoveHeadersOnCopy, ); }; };
		793E8A291EA4D28700BA3325 /* AlertTransition.swift in Sources */ = {isa = PBXBuildFile; fileRef = 793E8A281EA4D28700BA3325 /* AlertTransition.swift */; };
		793E8A2B1EA4D36A00BA3325 /* PresentationController.swift in Sources */ = {isa = PBXBuildFile; fileRef = 793E8A2A1EA4D36A00BA3325 /* PresentationController.swift */; };
		793E8A2D1EA4D39100BA3325 /* PercentDrivenInteractiveTransition.swift in Sources */ = {isa = PBXBuildFile; fileRef = 793E8A2C1EA4D39100BA3325 /* PercentDrivenInteractiveTransition.swift */; };
		793E8A2F1EA4D3D400BA3325 /* Extensions.swift in Sources */ = {isa = PBXBuildFile; fileRef = 793E8A2E1EA4D3D400BA3325 /* Extensions.swift */; };
		793E8A361EA5B7C200BA3325 /* MainController.swift in Sources */ = {isa = PBXBuildFile; fileRef = 793E8A351EA5B7C200BA3325 /* MainController.swift */; };
		793E8A381EA5B98E00BA3325 /* EasyTransitionController.swift in Sources */ = {isa = PBXBuildFile; fileRef = 793E8A371EA5B98E00BA3325 /* EasyTransitionController.swift */; };
		793E8A3B1EA5BC5C00BA3325 /* NormalAlertController.swift in Sources */ = {isa = PBXBuildFile; fileRef = 793E8A3A1EA5BC5C00BA3325 /* NormalAlertController.swift */; };
		793E8A441EA5FCF600BA3325 /* EasyPercentDrivenTransition.swift in Sources */ = {isa = PBXBuildFile; fileRef = 793E8A421EA5FCF600BA3325 /* EasyPercentDrivenTransition.swift */; };
		793E8A451EA5FCF600BA3325 /* EasyTransition.swift in Sources */ = {isa = PBXBuildFile; fileRef = 793E8A431EA5FCF600BA3325 /* EasyTransition.swift */; };
		793E8A491EA602B600BA3325 /* EasyStoryboardController.swift in Sources */ = {isa = PBXBuildFile; fileRef = 793E8A481EA602B600BA3325 /* EasyStoryboardController.swift */; };
		FF864D92FE4ED8E188B7118C /* Pods_AlertTransitionDemo.framework in Frameworks */ = {isa = PBXBuildFile; fileRef = 46D5E80FCCA63971878F53EB /* Pods_AlertTransitionDemo.framework */; };
/* End PBXBuildFile section */

/* Begin PBXContainerItemProxy section */
		793E8A251EA4D13500BA3325 /* PBXContainerItemProxy */ = {
			isa = PBXContainerItemProxy;
			containerPortal = 793E89F91EA4CFE200BA3325 /* Project object */;
			proxyType = 1;
			remoteGlobalIDString = 793E8A011EA4CFE200BA3325;
			remoteInfo = AlertTransition;
		};
/* End PBXContainerItemProxy section */

/* Begin PBXCopyFilesBuildPhase section */
		793E8A271EA4D13500BA3325 /* Embed Frameworks */ = {
			isa = PBXCopyFilesBuildPhase;
			buildActionMask = 2147483647;
			dstPath = "";
			dstSubfolderSpec = 10;
			files = (
				793E8A241EA4D13500BA3325 /* AlertTransition.framework in Embed Frameworks */,
			);
			name = "Embed Frameworks";
			runOnlyForDeploymentPostprocessing = 0;
		};
/* End PBXCopyFilesBuildPhase section */

/* Begin PBXFileReference section */
		1215930E016B4F5454B04C25 /* Pods-AlertTransition.debug.xcconfig */ = {isa = PBXFileReference; includeInIndex = 1; lastKnownFileType = text.xcconfig; name = "Pods-AlertTransition.debug.xcconfig"; path = "Pods/Target Support Files/Pods-AlertTransition/Pods-AlertTransition.debug.xcconfig"; sourceTree = "<group>"; };
		2A47BBF40FBD0C0E2FD36DE2 /* Pods-AlertTransition.release.xcconfig */ = {isa = PBXFileReference; includeInIndex = 1; lastKnownFileType = text.xcconfig; name = "Pods-AlertTransition.release.xcconfig"; path = "Pods/Target Support Files/Pods-AlertTransition/Pods-AlertTransition.release.xcconfig"; sourceTree = "<group>"; };
		3EAE73D045222165FB810F05 /* Pods-AlertTransitionDemo.release.xcconfig */ = {isa = PBXFileReference; includeInIndex = 1; lastKnownFileType = text.xcconfig; name = "Pods-AlertTransitionDemo.release.xcconfig"; path = "Pods/Target Support Files/Pods-AlertTransitionDemo/Pods-AlertTransitionDemo.release.xcconfig"; sourceTree = "<group>"; };
		46D5E80FCCA63971878F53EB /* Pods_AlertTransitionDemo.framework */ = {isa = PBXFileReference; explicitFileType = wrapper.framework; includeInIndex = 0; path = Pods_AlertTransitionDemo.framework; sourceTree = BUILT_PRODUCTS_DIR; };
		790FE7ED1EA60BEB0040D499 /* Main.storyboard */ = {isa = PBXFileReference; fileEncoding = 4; lastKnownFileType = file.storyboard; path = Main.storyboard; sourceTree = "<group>"; };
		790FE80F1EA64AFA0040D499 /* Extensions.swift */ = {isa = PBXFileReference; fileEncoding = 4; lastKnownFileType = sourcecode.swift; path = Extensions.swift; sourceTree = "<group>"; };
		790FE8111EA72C120040D499 /* DifferentAlertController.swift */ = {isa = PBXFileReference; fileEncoding = 4; lastKnownFileType = sourcecode.swift; path = DifferentAlertController.swift; sourceTree = "<group>"; };
		790FE8131EA72F9B0040D499 /* SnapKitAlertController.swift */ = {isa = PBXFileReference; fileEncoding = 4; lastKnownFileType = sourcecode.swift; name = SnapKitAlertController.swift; path = Alerts/SnapKitAlertController.swift; sourceTree = "<group>"; };
		790FE8151EA72FC50040D499 /* StoryboardAlertController.swift */ = {isa = PBXFileReference; fileEncoding = 4; lastKnownFileType = sourcecode.swift; name = StoryboardAlertController.swift; path = Alerts/StoryboardAlertController.swift; sourceTree = "<group>"; };
		793E8A021EA4CFE200BA3325 /* AlertTransition.framework */ = {isa = PBXFileReference; explicitFileType = wrapper.framework; includeInIndex = 0; path = AlertTransition.framework; sourceTree = BUILT_PRODUCTS_DIR; };
		793E8A051EA4CFE200BA3325 /* AlertTransition.h */ = {isa = PBXFileReference; lastKnownFileType = sourcecode.c.h; path = AlertTransition.h; sourceTree = "<group>"; };
		793E8A061EA4CFE200BA3325 /* Info.plist */ = {isa = PBXFileReference; lastKnownFileType = text.plist.xml; path = Info.plist; sourceTree = "<group>"; };
		793E8A111EA4D11200BA3325 /* AlertTransitionDemo.app */ = {isa = PBXFileReference; explicitFileType = wrapper.application; includeInIndex = 0; path = AlertTransitionDemo.app; sourceTree = BUILT_PRODUCTS_DIR; };
		793E8A131EA4D11200BA3325 /* AppDelegate.swift */ = {isa = PBXFileReference; lastKnownFileType = sourcecode.swift; path = AppDelegate.swift; sourceTree = "<group>"; };
		793E8A1A1EA4D11200BA3325 /* Assets.xcassets */ = {isa = PBXFileReference; lastKnownFileType = folder.assetcatalog; path = Assets.xcassets; sourceTree = "<group>"; };
		793E8A1D1EA4D11200BA3325 /* Base */ = {isa = PBXFileReference; lastKnownFileType = file.storyboard; name = Base; path = Base.lproj/LaunchScreen.storyboard; sourceTree = "<group>"; };
		793E8A1F1EA4D11200BA3325 /* Info.plist */ = {isa = PBXFileReference; lastKnownFileType = text.plist.xml; path = Info.plist; sourceTree = "<group>"; };
		793E8A281EA4D28700BA3325 /* AlertTransition.swift */ = {isa = PBXFileReference; fileEncoding = 4; lastKnownFileType = sourcecode.swift; path = AlertTransition.swift; sourceTree = "<group>"; };
		793E8A2A1EA4D36A00BA3325 /* PresentationController.swift */ = {isa = PBXFileReference; fileEncoding = 4; lastKnownFileType = sourcecode.swift; path = PresentationController.swift; sourceTree = "<group>"; };
		793E8A2C1EA4D39100BA3325 /* PercentDrivenInteractiveTransition.swift */ = {isa = PBXFileReference; fileEncoding = 4; lastKnownFileType = sourcecode.swift; path = PercentDrivenInteractiveTransition.swift; sourceTree = "<group>"; };
		793E8A2E1EA4D3D400BA3325 /* Extensions.swift */ = {isa = PBXFileReference; fileEncoding = 4; lastKnownFileType = sourcecode.swift; path = Extensions.swift; sourceTree = "<group>"; };
		793E8A351EA5B7C200BA3325 /* MainController.swift */ = {isa = PBXFileReference; fileEncoding = 4; lastKnownFileType = sourcecode.swift; path = MainController.swift; sourceTree = "<group>"; };
		793E8A371EA5B98E00BA3325 /* EasyTransitionController.swift */ = {isa = PBXFileReference; fileEncoding = 4; lastKnownFileType = sourcecode.swift; path = EasyTransitionController.swift; sourceTree = "<group>"; };
		793E8A3A1EA5BC5C00BA3325 /* NormalAlertController.swift */ = {isa = PBXFileReference; fileEncoding = 4; lastKnownFileType = sourcecode.swift; name = NormalAlertController.swift; path = Alerts/NormalAlertController.swift; sourceTree = "<group>"; };
		793E8A421EA5FCF600BA3325 /* EasyPercentDrivenTransition.swift */ = {isa = PBXFileReference; fileEncoding = 4; lastKnownFileType = sourcecode.swift; name = EasyPercentDrivenTransition.swift; path = Transitions/EasyTransition/EasyPercentDrivenTransition.swift; sourceTree = "<group>"; };
		793E8A431EA5FCF600BA3325 /* EasyTransition.swift */ = {isa = PBXFileReference; fileEncoding = 4; lastKnownFileType = sourcecode.swift; name = EasyTransition.swift; path = Transitions/EasyTransition/EasyTransition.swift; sourceTree = "<group>"; };
		793E8A481EA602B600BA3325 /* EasyStoryboardController.swift */ = {isa = PBXFileReference; fileEncoding = 4; lastKnownFileType = sourcecode.swift; path = EasyStoryboardController.swift; sourceTree = "<group>"; };
		87B043D8E060CF5513EAA5F2 /* Pods_AlertTransition.framework */ = {isa = PBXFileReference; explicitFileType = wrapper.framework; includeInIndex = 0; path = Pods_AlertTransition.framework; sourceTree = BUILT_PRODUCTS_DIR; };
		C892AFC9C414AC1076F0A085 /* Pods-AlertTransitionDemo.debug.xcconfig */ = {isa = PBXFileReference; includeInIndex = 1; lastKnownFileType = text.xcconfig; name = "Pods-AlertTransitionDemo.debug.xcconfig"; path = "Pods/Target Support Files/Pods-AlertTransitionDemo/Pods-AlertTransitionDemo.debug.xcconfig"; sourceTree = "<group>"; };
/* End PBXFileReference section */

/* Begin PBXFrameworksBuildPhase section */
		793E89FE1EA4CFE200BA3325 /* Frameworks */ = {
			isa = PBXFrameworksBuildPhase;
			buildActionMask = 2147483647;
			files = (
				575B4C71841D978DE405EAAC /* Pods_AlertTransition.framework in Frameworks */,
			);
			runOnlyForDeploymentPostprocessing = 0;
		};
		793E8A0E1EA4D11200BA3325 /* Frameworks */ = {
			isa = PBXFrameworksBuildPhase;
			buildActionMask = 2147483647;
			files = (
				793E8A231EA4D13500BA3325 /* AlertTransition.framework in Frameworks */,
				FF864D92FE4ED8E188B7118C /* Pods_AlertTransitionDemo.framework in Frameworks */,
			);
			runOnlyForDeploymentPostprocessing = 0;
		};
/* End PBXFrameworksBuildPhase section */

/* Begin PBXGroup section */
		2539B46ED676C34DD8F7E1AB /* Pods */ = {
			isa = PBXGroup;
			children = (
				1215930E016B4F5454B04C25 /* Pods-AlertTransition.debug.xcconfig */,
				2A47BBF40FBD0C0E2FD36DE2 /* Pods-AlertTransition.release.xcconfig */,
				C892AFC9C414AC1076F0A085 /* Pods-AlertTransitionDemo.debug.xcconfig */,
				3EAE73D045222165FB810F05 /* Pods-AlertTransitionDemo.release.xcconfig */,
			);
			name = Pods;
			sourceTree = "<group>";
		};
		58F591B8CAB4A4474D59E644 /* Frameworks */ = {
			isa = PBXGroup;
			children = (
				87B043D8E060CF5513EAA5F2 /* Pods_AlertTransition.framework */,
				46D5E80FCCA63971878F53EB /* Pods_AlertTransitionDemo.framework */,
			);
			name = Frameworks;
			sourceTree = "<group>";
		};
		793E89F81EA4CFE200BA3325 = {
			isa = PBXGroup;
			children = (
				793E8A041EA4CFE200BA3325 /* AlertTransition */,
				793E8A121EA4D11200BA3325 /* AlertTransitionDemo */,
				793E8A031EA4CFE200BA3325 /* Products */,
				2539B46ED676C34DD8F7E1AB /* Pods */,
				58F591B8CAB4A4474D59E644 /* Frameworks */,
			);
			sourceTree = "<group>";
		};
		793E8A031EA4CFE200BA3325 /* Products */ = {
			isa = PBXGroup;
			children = (
				793E8A021EA4CFE200BA3325 /* AlertTransition.framework */,
				793E8A111EA4D11200BA3325 /* AlertTransitionDemo.app */,
			);
			name = Products;
			sourceTree = "<group>";
		};
		793E8A041EA4CFE200BA3325 /* AlertTransition */ = {
			isa = PBXGroup;
			children = (
				793E8A321EA5B08B00BA3325 /* Transitions */,
				793E8A051EA4CFE200BA3325 /* AlertTransition.h */,
				793E8A061EA4CFE200BA3325 /* Info.plist */,
				793E8A281EA4D28700BA3325 /* AlertTransition.swift */,
				793E8A2A1EA4D36A00BA3325 /* PresentationController.swift */,
				793E8A2C1EA4D39100BA3325 /* PercentDrivenInteractiveTransition.swift */,
				793E8A2E1EA4D3D400BA3325 /* Extensions.swift */,
			);
			path = AlertTransition;
			sourceTree = "<group>";
		};
		793E8A121EA4D11200BA3325 /* AlertTransitionDemo */ = {
			isa = PBXGroup;
			children = (
				793E8A391EA5BC1900BA3325 /* Alerts */,
				793E8A131EA4D11200BA3325 /* AppDelegate.swift */,
				793E8A1A1EA4D11200BA3325 /* Assets.xcassets */,
				793E8A1C1EA4D11200BA3325 /* LaunchScreen.storyboard */,
				793E8A1F1EA4D11200BA3325 /* Info.plist */,
				793E8A351EA5B7C200BA3325 /* MainController.swift */,
				793E8A371EA5B98E00BA3325 /* EasyTransitionController.swift */,
				793E8A481EA602B600BA3325 /* EasyStoryboardController.swift */,
				790FE7ED1EA60BEB0040D499 /* Main.storyboard */,
				790FE80F1EA64AFA0040D499 /* Extensions.swift */,
				790FE8111EA72C120040D499 /* DifferentAlertController.swift */,
			);
			path = AlertTransitionDemo;
			sourceTree = "<group>";
		};
		793E8A321EA5B08B00BA3325 /* Transitions */ = {
			isa = PBXGroup;
			children = (
				793E8A411EA5FCDD00BA3325 /* EasyTransition */,
			);
			name = Transitions;
			sourceTree = "<group>";
		};
		793E8A391EA5BC1900BA3325 /* Alerts */ = {
			isa = PBXGroup;
			children = (
				790FE8151EA72FC50040D499 /* StoryboardAlertController.swift */,
				793E8A3A1EA5BC5C00BA3325 /* NormalAlertController.swift */,
				790FE8131EA72F9B0040D499 /* SnapKitAlertController.swift */,
			);
			name = Alerts;
			sourceTree = "<group>";
		};
		793E8A411EA5FCDD00BA3325 /* EasyTransition */ = {
			isa = PBXGroup;
			children = (
				793E8A421EA5FCF600BA3325 /* EasyPercentDrivenTransition.swift */,
				793E8A431EA5FCF600BA3325 /* EasyTransition.swift */,
			);
			name = EasyTransition;
			sourceTree = "<group>";
		};
/* End PBXGroup section */

/* Begin PBXHeadersBuildPhase section */
		793E89FF1EA4CFE200BA3325 /* Headers */ = {
			isa = PBXHeadersBuildPhase;
			buildActionMask = 2147483647;
			files = (
				793E8A071EA4CFE200BA3325 /* AlertTransition.h in Headers */,
			);
			runOnlyForDeploymentPostprocessing = 0;
		};
/* End PBXHeadersBuildPhase section */

/* Begin PBXNativeTarget section */
		793E8A011EA4CFE200BA3325 /* AlertTransition */ = {
			isa = PBXNativeTarget;
			buildConfigurationList = 793E8A0A1EA4CFE200BA3325 /* Build configuration list for PBXNativeTarget "AlertTransition" */;
			buildPhases = (
				FDC8C717F37C5D0908302658 /* [CP] Check Pods Manifest.lock */,
				793E89FD1EA4CFE200BA3325 /* Sources */,
				793E89FE1EA4CFE200BA3325 /* Frameworks */,
				793E89FF1EA4CFE200BA3325 /* Headers */,
				793E8A001EA4CFE200BA3325 /* Resources */,
				FBF6430F342618448D8803F6 /* [CP] Copy Pods Resources */,
			);
			buildRules = (
			);
			dependencies = (
			);
			name = AlertTransition;
			productName = AlertTransition;
			productReference = 793E8A021EA4CFE200BA3325 /* AlertTransition.framework */;
			productType = "com.apple.product-type.framework";
		};
		793E8A101EA4D11200BA3325 /* AlertTransitionDemo */ = {
			isa = PBXNativeTarget;
			buildConfigurationList = 793E8A201EA4D11200BA3325 /* Build configuration list for PBXNativeTarget "AlertTransitionDemo" */;
			buildPhases = (
				A7B7DE3DF7AFF1C7C85A408B /* [CP] Check Pods Manifest.lock */,
				793E8A0D1EA4D11200BA3325 /* Sources */,
				793E8A0E1EA4D11200BA3325 /* Frameworks */,
				793E8A0F1EA4D11200BA3325 /* Resources */,
				793E8A271EA4D13500BA3325 /* Embed Frameworks */,
				E5607C9777414F27DAEBC417 /* [CP] Embed Pods Frameworks */,
				C40D1F90111075EAE56D68B8 /* [CP] Copy Pods Resources */,
			);
			buildRules = (
			);
			dependencies = (
				793E8A261EA4D13500BA3325 /* PBXTargetDependency */,
			);
			name = AlertTransitionDemo;
			productName = AlertTransitionDemo;
			productReference = 793E8A111EA4D11200BA3325 /* AlertTransitionDemo.app */;
			productType = "com.apple.product-type.application";
		};
/* End PBXNativeTarget section */

/* Begin PBXProject section */
		793E89F91EA4CFE200BA3325 /* Project object */ = {
			isa = PBXProject;
			attributes = {
				LastSwiftUpdateCheck = 0830;
				LastUpgradeCheck = 0830;
				ORGANIZATIONNAME = Loopeer;
				TargetAttributes = {
					793E8A011EA4CFE200BA3325 = {
						CreatedOnToolsVersion = 8.3.1;
						DevelopmentTeam = VS86A5N9W7;
						LastSwiftMigration = 0830;
						ProvisioningStyle = Automatic;
					};
					793E8A101EA4D11200BA3325 = {
						CreatedOnToolsVersion = 8.3.1;
						DevelopmentTeam = VS86A5N9W7;
						ProvisioningStyle = Automatic;
					};
				};
			};
			buildConfigurationList = 793E89FC1EA4CFE200BA3325 /* Build configuration list for PBXProject "AlertTransition" */;
			compatibilityVersion = "Xcode 3.2";
			developmentRegion = English;
			hasScannedForEncodings = 0;
			knownRegions = (
				en,
				Base,
			);
			mainGroup = 793E89F81EA4CFE200BA3325;
			productRefGroup = 793E8A031EA4CFE200BA3325 /* Products */;
			projectDirPath = "";
			projectRoot = "";
			targets = (
				793E8A011EA4CFE200BA3325 /* AlertTransition */,
				793E8A101EA4D11200BA3325 /* AlertTransitionDemo */,
			);
		};
/* End PBXProject section */

/* Begin PBXResourcesBuildPhase section */
		793E8A001EA4CFE200BA3325 /* Resources */ = {
			isa = PBXResourcesBuildPhase;
			buildActionMask = 2147483647;
			files = (
			);
			runOnlyForDeploymentPostprocessing = 0;
		};
		793E8A0F1EA4D11200BA3325 /* Resources */ = {
			isa = PBXResourcesBuildPhase;
			buildActionMask = 2147483647;
			files = (
				793E8A1E1EA4D11200BA3325 /* LaunchScreen.storyboard in Resources */,
				793E8A1B1EA4D11200BA3325 /* Assets.xcassets in Resources */,
				790FE7EE1EA60BEB0040D499 /* Main.storyboard in Resources */,
			);
			runOnlyForDeploymentPostprocessing = 0;
		};
/* End PBXResourcesBuildPhase section */

/* Begin PBXShellScriptBuildPhase section */
		A7B7DE3DF7AFF1C7C85A408B /* [CP] Check Pods Manifest.lock */ = {
			isa = PBXShellScriptBuildPhase;
			buildActionMask = 2147483647;
			files = (
			);
			inputPaths = (
			);
			name = "[CP] Check Pods Manifest.lock";
			outputPaths = (
			);
			runOnlyForDeploymentPostprocessing = 0;
			shellPath = /bin/sh;
			shellScript = "diff \"${PODS_ROOT}/../Podfile.lock\" \"${PODS_ROOT}/Manifest.lock\" > /dev/null\nif [ $? != 0 ] ; then\n    # print error to STDERR\n    echo \"error: The sandbox is not in sync with the Podfile.lock. Run 'pod install' or update your CocoaPods installation.\" >&2\n    exit 1\nfi\n";
			showEnvVarsInLog = 0;
		};
		C40D1F90111075EAE56D68B8 /* [CP] Copy Pods Resources */ = {
			isa = PBXShellScriptBuildPhase;
			buildActionMask = 2147483647;
			files = (
			);
			inputPaths = (
			);
			name = "[CP] Copy Pods Resources";
			outputPaths = (
			);
			runOnlyForDeploymentPostprocessing = 0;
			shellPath = /bin/sh;
			shellScript = "\"${SRCROOT}/Pods/Target Support Files/Pods-AlertTransitionDemo/Pods-AlertTransitionDemo-resources.sh\"\n";
			showEnvVarsInLog = 0;
		};
		E5607C9777414F27DAEBC417 /* [CP] Embed Pods Frameworks */ = {
			isa = PBXShellScriptBuildPhase;
			buildActionMask = 2147483647;
			files = (
			);
			inputPaths = (
			);
			name = "[CP] Embed Pods Frameworks";
			outputPaths = (
			);
			runOnlyForDeploymentPostprocessing = 0;
			shellPath = /bin/sh;
			shellScript = "\"${SRCROOT}/Pods/Target Support Files/Pods-AlertTransitionDemo/Pods-AlertTransitionDemo-frameworks.sh\"\n";
			showEnvVarsInLog = 0;
		};
		FBF6430F342618448D8803F6 /* [CP] Copy Pods Resources */ = {
			isa = PBXShellScriptBuildPhase;
			buildActionMask = 2147483647;
			files = (
			);
			inputPaths = (
			);
			name = "[CP] Copy Pods Resources";
			outputPaths = (
			);
			runOnlyForDeploymentPostprocessing = 0;
			shellPath = /bin/sh;
			shellScript = "\"${SRCROOT}/Pods/Target Support Files/Pods-AlertTransition/Pods-AlertTransition-resources.sh\"\n";
			showEnvVarsInLog = 0;
		};
		FDC8C717F37C5D0908302658 /* [CP] Check Pods Manifest.lock */ = {
			isa = PBXShellScriptBuildPhase;
			buildActionMask = 2147483647;
			files = (
			);
			inputPaths = (
			);
			name = "[CP] Check Pods Manifest.lock";
			outputPaths = (
			);
			runOnlyForDeploymentPostprocessing = 0;
			shellPath = /bin/sh;
			shellScript = "diff \"${PODS_ROOT}/../Podfile.lock\" \"${PODS_ROOT}/Manifest.lock\" > /dev/null\nif [ $? != 0 ] ; then\n    # print error to STDERR\n    echo \"error: The sandbox is not in sync with the Podfile.lock. Run 'pod install' or update your CocoaPods installation.\" >&2\n    exit 1\nfi\n";
			showEnvVarsInLog = 0;
		};
/* End PBXShellScriptBuildPhase section */

/* Begin PBXSourcesBuildPhase section */
		793E89FD1EA4CFE200BA3325 /* Sources */ = {
			isa = PBXSourcesBuildPhase;
			buildActionMask = 2147483647;
			files = (
				793E8A291EA4D28700BA3325 /* AlertTransition.swift in Sources */,
				793E8A2D1EA4D39100BA3325 /* PercentDrivenInteractiveTransition.swift in Sources */,
				793E8A451EA5FCF600BA3325 /* EasyTransition.swift in Sources */,
				793E8A2B1EA4D36A00BA3325 /* PresentationController.swift in Sources */,
				793E8A441EA5FCF600BA3325 /* EasyPercentDrivenTransition.swift in Sources */,
				793E8A2F1EA4D3D400BA3325 /* Extensions.swift in Sources */,
			);
			runOnlyForDeploymentPostprocessing = 0;
		};
		793E8A0D1EA4D11200BA3325 /* Sources */ = {
			isa = PBXSourcesBuildPhase;
			buildActionMask = 2147483647;
			files = (
				793E8A381EA5B98E00BA3325 /* EasyTransitionController.swift in Sources */,
				793E8A491EA602B600BA3325 /* EasyStoryboardController.swift in Sources */,
				790FE8161EA72FC50040D499 /* StoryboardAlertController.swift in Sources */,
				790FE8141EA72F9B0040D499 /* SnapKitAlertController.swift in Sources */,
				793E8A361EA5B7C200BA3325 /* MainController.swift in Sources */,
				793E8A141EA4D11200BA3325 /* AppDelegate.swift in Sources */,
				790FE8121EA72C120040D499 /* DifferentAlertController.swift in Sources */,
				793E8A3B1EA5BC5C00BA3325 /* NormalAlertController.swift in Sources */,
				790FE8101EA64AFA0040D499 /* Extensions.swift in Sources */,
			);
			runOnlyForDeploymentPostprocessing = 0;
		};
/* End PBXSourcesBuildPhase section */

/* Begin PBXTargetDependency section */
		793E8A261EA4D13500BA3325 /* PBXTargetDependency */ = {
			isa = PBXTargetDependency;
			target = 793E8A011EA4CFE200BA3325 /* AlertTransition */;
			targetProxy = 793E8A251EA4D13500BA3325 /* PBXContainerItemProxy */;
		};
/* End PBXTargetDependency section */

/* Begin PBXVariantGroup section */
		793E8A1C1EA4D11200BA3325 /* LaunchScreen.storyboard */ = {
			isa = PBXVariantGroup;
			children = (
				793E8A1D1EA4D11200BA3325 /* Base */,
			);
			name = LaunchScreen.storyboard;
			sourceTree = "<group>";
		};
/* End PBXVariantGroup section */

/* Begin XCBuildConfiguration section */
		793E8A081EA4CFE200BA3325 /* Debug */ = {
			isa = XCBuildConfiguration;
			buildSettings = {
				ALWAYS_SEARCH_USER_PATHS = NO;
				CLANG_ANALYZER_NONNULL = YES;
				CLANG_ANALYZER_NUMBER_OBJECT_CONVERSION = YES_AGGRESSIVE;
				CLANG_CXX_LANGUAGE_STANDARD = "gnu++0x";
				CLANG_CXX_LIBRARY = "libc++";
				CLANG_ENABLE_MODULES = YES;
				CLANG_ENABLE_OBJC_ARC = YES;
				CLANG_WARN_BOOL_CONVERSION = YES;
				CLANG_WARN_CONSTANT_CONVERSION = YES;
				CLANG_WARN_DIRECT_OBJC_ISA_USAGE = YES_ERROR;
				CLANG_WARN_DOCUMENTATION_COMMENTS = YES;
				CLANG_WARN_EMPTY_BODY = YES;
				CLANG_WARN_ENUM_CONVERSION = YES;
				CLANG_WARN_INFINITE_RECURSION = YES;
				CLANG_WARN_INT_CONVERSION = YES;
				CLANG_WARN_OBJC_ROOT_CLASS = YES_ERROR;
				CLANG_WARN_SUSPICIOUS_MOVE = YES;
				CLANG_WARN_UNREACHABLE_CODE = YES;
				CLANG_WARN__DUPLICATE_METHOD_MATCH = YES;
				"CODE_SIGN_IDENTITY[sdk=iphoneos*]" = "iPhone Developer";
				COPY_PHASE_STRIP = NO;
				CURRENT_PROJECT_VERSION = 1;
				DEBUG_INFORMATION_FORMAT = dwarf;
				ENABLE_STRICT_OBJC_MSGSEND = YES;
				ENABLE_TESTABILITY = YES;
				GCC_C_LANGUAGE_STANDARD = gnu99;
				GCC_DYNAMIC_NO_PIC = NO;
				GCC_NO_COMMON_BLOCKS = YES;
				GCC_OPTIMIZATION_LEVEL = 0;
				GCC_PREPROCESSOR_DEFINITIONS = (
					"DEBUG=1",
					"$(inherited)",
				);
				GCC_WARN_64_TO_32_BIT_CONVERSION = YES;
				GCC_WARN_ABOUT_RETURN_TYPE = YES_ERROR;
				GCC_WARN_UNDECLARED_SELECTOR = YES;
				GCC_WARN_UNINITIALIZED_AUTOS = YES_AGGRESSIVE;
				GCC_WARN_UNUSED_FUNCTION = YES;
				GCC_WARN_UNUSED_VARIABLE = YES;
				IPHONEOS_DEPLOYMENT_TARGET = 10.3;
				MTL_ENABLE_DEBUG_INFO = YES;
				ONLY_ACTIVE_ARCH = YES;
				SDKROOT = iphoneos;
				SWIFT_ACTIVE_COMPILATION_CONDITIONS = DEBUG;
				SWIFT_OPTIMIZATION_LEVEL = "-Onone";
				TARGETED_DEVICE_FAMILY = "1,2";
				VERSIONING_SYSTEM = "apple-generic";
				VERSION_INFO_PREFIX = "";
			};
			name = Debug;
		};
		793E8A091EA4CFE200BA3325 /* Release */ = {
			isa = XCBuildConfiguration;
			buildSettings = {
				ALWAYS_SEARCH_USER_PATHS = NO;
				CLANG_ANALYZER_NONNULL = YES;
				CLANG_ANALYZER_NUMBER_OBJECT_CONVERSION = YES_AGGRESSIVE;
				CLANG_CXX_LANGUAGE_STANDARD = "gnu++0x";
				CLANG_CXX_LIBRARY = "libc++";
				CLANG_ENABLE_MODULES = YES;
				CLANG_ENABLE_OBJC_ARC = YES;
				CLANG_WARN_BOOL_CONVERSION = YES;
				CLANG_WARN_CONSTANT_CONVERSION = YES;
				CLANG_WARN_DIRECT_OBJC_ISA_USAGE = YES_ERROR;
				CLANG_WARN_DOCUMENTATION_COMMENTS = YES;
				CLANG_WARN_EMPTY_BODY = YES;
				CLANG_WARN_ENUM_CONVERSION = YES;
				CLANG_WARN_INFINITE_RECURSION = YES;
				CLANG_WARN_INT_CONVERSION = YES;
				CLANG_WARN_OBJC_ROOT_CLASS = YES_ERROR;
				CLANG_WARN_SUSPICIOUS_MOVE = YES;
				CLANG_WARN_UNREACHABLE_CODE = YES;
				CLANG_WARN__DUPLICATE_METHOD_MATCH = YES;
				"CODE_SIGN_IDENTITY[sdk=iphoneos*]" = "iPhone Developer";
				COPY_PHASE_STRIP = NO;
				CURRENT_PROJECT_VERSION = 1;
				DEBUG_INFORMATION_FORMAT = "dwarf-with-dsym";
				ENABLE_NS_ASSERTIONS = NO;
				ENABLE_STRICT_OBJC_MSGSEND = YES;
				GCC_C_LANGUAGE_STANDARD = gnu99;
				GCC_NO_COMMON_BLOCKS = YES;
				GCC_WARN_64_TO_32_BIT_CONVERSION = YES;
				GCC_WARN_ABOUT_RETURN_TYPE = YES_ERROR;
				GCC_WARN_UNDECLARED_SELECTOR = YES;
				GCC_WARN_UNINITIALIZED_AUTOS = YES_AGGRESSIVE;
				GCC_WARN_UNUSED_FUNCTION = YES;
				GCC_WARN_UNUSED_VARIABLE = YES;
				IPHONEOS_DEPLOYMENT_TARGET = 10.3;
				MTL_ENABLE_DEBUG_INFO = NO;
				SDKROOT = iphoneos;
				SWIFT_OPTIMIZATION_LEVEL = "-Owholemodule";
				TARGETED_DEVICE_FAMILY = "1,2";
				VALIDATE_PRODUCT = YES;
				VERSIONING_SYSTEM = "apple-generic";
				VERSION_INFO_PREFIX = "";
			};
			name = Release;
		};
		793E8A0B1EA4CFE200BA3325 /* Debug */ = {
			isa = XCBuildConfiguration;
			baseConfigurationReference = 1215930E016B4F5454B04C25 /* Pods-AlertTransition.debug.xcconfig */;
			buildSettings = {
				CLANG_ENABLE_MODULES = YES;
				CODE_SIGN_IDENTITY = "";
				DEFINES_MODULE = YES;
				DEVELOPMENT_TEAM = VS86A5N9W7;
				DYLIB_COMPATIBILITY_VERSION = 1;
				DYLIB_CURRENT_VERSION = 1;
				DYLIB_INSTALL_NAME_BASE = "@rpath";
				INFOPLIST_FILE = AlertTransition/Info.plist;
				INSTALL_PATH = "$(LOCAL_LIBRARY_DIR)/Frameworks";
				IPHONEOS_DEPLOYMENT_TARGET = 8.0;
				LD_RUNPATH_SEARCH_PATHS = "$(inherited) @executable_path/Frameworks @loader_path/Frameworks";
				PRODUCT_BUNDLE_IDENTIFIER = com.loopeer.AlertTransition;
				PRODUCT_NAME = "$(TARGET_NAME)";
				SKIP_INSTALL = YES;
				SWIFT_OPTIMIZATION_LEVEL = "-Onone";
				SWIFT_VERSION = 3.0;
			};
			name = Debug;
		};
		793E8A0C1EA4CFE200BA3325 /* Release */ = {
			isa = XCBuildConfiguration;
			baseConfigurationReference = 2A47BBF40FBD0C0E2FD36DE2 /* Pods-AlertTransition.release.xcconfig */;
			buildSettings = {
				CLANG_ENABLE_MODULES = YES;
				CODE_SIGN_IDENTITY = "";
				DEFINES_MODULE = YES;
				DEVELOPMENT_TEAM = VS86A5N9W7;
				DYLIB_COMPATIBILITY_VERSION = 1;
				DYLIB_CURRENT_VERSION = 1;
				DYLIB_INSTALL_NAME_BASE = "@rpath";
				INFOPLIST_FILE = AlertTransition/Info.plist;
				INSTALL_PATH = "$(LOCAL_LIBRARY_DIR)/Frameworks";
				IPHONEOS_DEPLOYMENT_TARGET = 8.0;
				LD_RUNPATH_SEARCH_PATHS = "$(inherited) @executable_path/Frameworks @loader_path/Frameworks";
				PRODUCT_BUNDLE_IDENTIFIER = com.loopeer.AlertTransition;
				PRODUCT_NAME = "$(TARGET_NAME)";
				SKIP_INSTALL = YES;
				SWIFT_VERSION = 3.0;
			};
			name = Release;
		};
		793E8A211EA4D11200BA3325 /* Debug */ = {
			isa = XCBuildConfiguration;
			baseConfigurationReference = C892AFC9C414AC1076F0A085 /* Pods-AlertTransitionDemo.debug.xcconfig */;
			buildSettings = {
				ALWAYS_EMBED_SWIFT_STANDARD_LIBRARIES = YES;
				ASSETCATALOG_COMPILER_APPICON_NAME = AppIcon;
				DEVELOPMENT_TEAM = VS86A5N9W7;
				INFOPLIST_FILE = AlertTransitionDemo/Info.plist;
				IPHONEOS_DEPLOYMENT_TARGET = 8.0;
				LD_RUNPATH_SEARCH_PATHS = "$(inherited) @executable_path/Frameworks";
				PRODUCT_BUNDLE_IDENTIFIER = com.loopeer.AlertTransitionDemo;
				PRODUCT_NAME = "$(TARGET_NAME)";
				SWIFT_VERSION = 3.0;
			};
			name = Debug;
		};
		793E8A221EA4D11200BA3325 /* Release */ = {
			isa = XCBuildConfiguration;
			baseConfigurationReference = 3EAE73D045222165FB810F05 /* Pods-AlertTransitionDemo.release.xcconfig */;
			buildSettings = {
				ALWAYS_EMBED_SWIFT_STANDARD_LIBRARIES = YES;
				ASSETCATALOG_COMPILER_APPICON_NAME = AppIcon;
				DEVELOPMENT_TEAM = VS86A5N9W7;
				INFOPLIST_FILE = AlertTransitionDemo/Info.plist;
				IPHONEOS_DEPLOYMENT_TARGET = 8.0;
				LD_RUNPATH_SEARCH_PATHS = "$(inherited) @executable_path/Frameworks";
				PRODUCT_BUNDLE_IDENTIFIER = com.loopeer.AlertTransitionDemo;
				PRODUCT_NAME = "$(TARGET_NAME)";
				SWIFT_VERSION = 3.0;
			};
			name = Release;
		};
/* End XCBuildConfiguration section */

/* Begin XCConfigurationList section */
		793E89FC1EA4CFE200BA3325 /* Build configuration list for PBXProject "AlertTransition" */ = {
			isa = XCConfigurationList;
			buildConfigurations = (
				793E8A081EA4CFE200BA3325 /* Debug */,
				793E8A091EA4CFE200BA3325 /* Release */,
			);
			defaultConfigurationIsVisible = 0;
			defaultConfigurationName = Release;
		};
		793E8A0A1EA4CFE200BA3325 /* Build configuration list for PBXNativeTarget "AlertTransition" */ = {
			isa = XCConfigurationList;
			buildConfigurations = (
				793E8A0B1EA4CFE200BA3325 /* Debug */,
				793E8A0C1EA4CFE200BA3325 /* Release */,
			);
			defaultConfigurationIsVisible = 0;
			defaultConfigurationName = Release;
		};
		793E8A201EA4D11200BA3325 /* Build configuration list for PBXNativeTarget "AlertTransitionDemo" */ = {
			isa = XCConfigurationList;
			buildConfigurations = (
				793E8A211EA4D11200BA3325 /* Debug */,
				793E8A221EA4D11200BA3325 /* Release */,
			);
			defaultConfigurationIsVisible = 0;
			defaultConfigurationName = Release;
		};
/* End XCConfigurationList section */
	};
	rootObject = 793E89F91EA4CFE200BA3325 /* Project object */;
}
